// !$*UTF8*$!
{
	archiveVersion = 1;
	classes = {
	};
	objectVersion = 56;
	objects = {

/* Begin PBXBuildFile section */
		F317E6492A2711A500C0608D /* TodoWithCoreDataApp.swift in Sources */ = {isa = PBXBuildFile; fileRef = F317E6482A2711A500C0608D /* TodoWithCoreDataApp.swift */; };
		F317E64D2A2711AD00C0608D /* Assets.xcassets in Resources */ = {isa = PBXBuildFile; fileRef = F317E64C2A2711AD00C0608D /* Assets.xcassets */; };
		F317E6502A2711AD00C0608D /* Preview Assets.xcassets in Resources */ = {isa = PBXBuildFile; fileRef = F317E64F2A2711AD00C0608D /* Preview Assets.xcassets */; };
		F317E6522A2711AD00C0608D /* Persistence.swift in Sources */ = {isa = PBXBuildFile; fileRef = F317E6512A2711AD00C0608D /* Persistence.swift */; };
		F317E6552A2711AD00C0608D /* TodoWithCoreData.xcdatamodeld in Sources */ = {isa = PBXBuildFile; fileRef = F317E6532A2711AD00C0608D /* TodoWithCoreData.xcdatamodeld */; };
		F317E65F2A2711AF00C0608D /* TodoWithCoreDataTests.swift in Sources */ = {isa = PBXBuildFile; fileRef = F317E65E2A2711AF00C0608D /* TodoWithCoreDataTests.swift */; };
		F317E6692A2711B000C0608D /* TodoWithCoreDataUITests.swift in Sources */ = {isa = PBXBuildFile; fileRef = F317E6682A2711B000C0608D /* TodoWithCoreDataUITests.swift */; };
		F317E66B2A2711B000C0608D /* TodoWithCoreDataUITestsLaunchTests.swift in Sources */ = {isa = PBXBuildFile; fileRef = F317E66A2A2711B000C0608D /* TodoWithCoreDataUITestsLaunchTests.swift */; };
		F317E6782A27148700C0608D /* ToDoList.swift in Sources */ = {isa = PBXBuildFile; fileRef = F317E6772A27148700C0608D /* ToDoList.swift */; };
		F317E67F2A27203C00C0608D /* ToDoItem+CoreDataClass.swift in Sources */ = {isa = PBXBuildFile; fileRef = F317E67D2A27203C00C0608D /* ToDoItem+CoreDataClass.swift */; };
		F317E6802A27203C00C0608D /* ToDoItem+CoreDataProperties.swift in Sources */ = {isa = PBXBuildFile; fileRef = F317E67E2A27203C00C0608D /* ToDoItem+CoreDataProperties.swift */; };
		F317E6822A27352E00C0608D /* Extension.swift in Sources */ = {isa = PBXBuildFile; fileRef = F317E6812A27352E00C0608D /* Extension.swift */; };
/* End PBXBuildFile section */

/* Begin PBXContainerItemProxy section */
		F317E65B2A2711AF00C0608D /* PBXContainerItemProxy */ = {
			isa = PBXContainerItemProxy;
			containerPortal = F317E63D2A2711A500C0608D /* Project object */;
			proxyType = 1;
			remoteGlobalIDString = F317E6442A2711A500C0608D;
			remoteInfo = TodoWithCoreData;
		};
		F317E6652A2711AF00C0608D /* PBXContainerItemProxy */ = {
			isa = PBXContainerItemProxy;
			containerPortal = F317E63D2A2711A500C0608D /* Project object */;
			proxyType = 1;
			remoteGlobalIDString = F317E6442A2711A500C0608D;
			remoteInfo = TodoWithCoreData;
		};
/* End PBXContainerItemProxy section */

/* Begin PBXFileReference section */
		F317E6452A2711A500C0608D /* TodoWithCoreData.app */ = {isa = PBXFileReference; explicitFileType = wrapper.application; includeInIndex = 0; path = TodoWithCoreData.app; sourceTree = BUILT_PRODUCTS_DIR; };
		F317E6482A2711A500C0608D /* TodoWithCoreDataApp.swift */ = {isa = PBXFileReference; lastKnownFileType = sourcecode.swift; path = TodoWithCoreDataApp.swift; sourceTree = "<group>"; };
		F317E64C2A2711AD00C0608D /* Assets.xcassets */ = {isa = PBXFileReference; lastKnownFileType = folder.assetcatalog; path = Assets.xcassets; sourceTree = "<group>"; };
		F317E64F2A2711AD00C0608D /* Preview Assets.xcassets */ = {isa = PBXFileReference; lastKnownFileType = folder.assetcatalog; path = "Preview Assets.xcassets"; sourceTree = "<group>"; };
		F317E6512A2711AD00C0608D /* Persistence.swift */ = {isa = PBXFileReference; lastKnownFileType = sourcecode.swift; path = Persistence.swift; sourceTree = "<group>"; };
		F317E6542A2711AD00C0608D /* TodoWithCoreData.xcdatamodel */ = {isa = PBXFileReference; lastKnownFileType = wrapper.xcdatamodel; path = TodoWithCoreData.xcdatamodel; sourceTree = "<group>"; };
		F317E65A2A2711AF00C0608D /* TodoWithCoreDataTests.xctest */ = {isa = PBXFileReference; explicitFileType = wrapper.cfbundle; includeInIndex = 0; path = TodoWithCoreDataTests.xctest; sourceTree = BUILT_PRODUCTS_DIR; };
		F317E65E2A2711AF00C0608D /* TodoWithCoreDataTests.swift */ = {isa = PBXFileReference; lastKnownFileType = sourcecode.swift; path = TodoWithCoreDataTests.swift; sourceTree = "<group>"; };
		F317E6642A2711AF00C0608D /* TodoWithCoreDataUITests.xctest */ = {isa = PBXFileReference; explicitFileType = wrapper.cfbundle; includeInIndex = 0; path = TodoWithCoreDataUITests.xctest; sourceTree = BUILT_PRODUCTS_DIR; };
		F317E6682A2711B000C0608D /* TodoWithCoreDataUITests.swift */ = {isa = PBXFileReference; lastKnownFileType = sourcecode.swift; path = TodoWithCoreDataUITests.swift; sourceTree = "<group>"; };
		F317E66A2A2711B000C0608D /* TodoWithCoreDataUITestsLaunchTests.swift */ = {isa = PBXFileReference; lastKnownFileType = sourcecode.swift; path = TodoWithCoreDataUITestsLaunchTests.swift; sourceTree = "<group>"; };
		F317E6772A27148700C0608D /* ToDoList.swift */ = {isa = PBXFileReference; lastKnownFileType = sourcecode.swift; path = ToDoList.swift; sourceTree = "<group>"; };
		F317E67D2A27203C00C0608D /* ToDoItem+CoreDataClass.swift */ = {isa = PBXFileReference; lastKnownFileType = sourcecode.swift; path = "ToDoItem+CoreDataClass.swift"; sourceTree = "<group>"; };
		F317E67E2A27203C00C0608D /* ToDoItem+CoreDataProperties.swift */ = {isa = PBXFileReference; lastKnownFileType = sourcecode.swift; path = "ToDoItem+CoreDataProperties.swift"; sourceTree = "<group>"; };
		F317E6812A27352E00C0608D /* Extension.swift */ = {isa = PBXFileReference; lastKnownFileType = sourcecode.swift; path = Extension.swift; sourceTree = "<group>"; };
/* End PBXFileReference section */

/* Begin PBXFrameworksBuildPhase section */
		F317E6422A2711A500C0608D /* Frameworks */ = {
			isa = PBXFrameworksBuildPhase;
			buildActionMask = 2147483647;
			files = (
			);
			runOnlyForDeploymentPostprocessing = 0;
		};
		F317E6572A2711AF00C0608D /* Frameworks */ = {
			isa = PBXFrameworksBuildPhase;
			buildActionMask = 2147483647;
			files = (
			);
			runOnlyForDeploymentPostprocessing = 0;
		};
		F317E6612A2711AF00C0608D /* Frameworks */ = {
			isa = PBXFrameworksBuildPhase;
			buildActionMask = 2147483647;
			files = (
			);
			runOnlyForDeploymentPostprocessing = 0;
		};
/* End PBXFrameworksBuildPhase section */

/* Begin PBXGroup section */
		F317E63C2A2711A500C0608D = {
			isa = PBXGroup;
			children = (
				F317E6472A2711A500C0608D /* TodoWithCoreData */,
				F317E65D2A2711AF00C0608D /* TodoWithCoreDataTests */,
				F317E6672A2711B000C0608D /* TodoWithCoreDataUITests */,
				F317E6462A2711A500C0608D /* Products */,
			);
			sourceTree = "<group>";
		};
		F317E6462A2711A500C0608D /* Products */ = {
			isa = PBXGroup;
			children = (
				F317E6452A2711A500C0608D /* TodoWithCoreData.app */,
				F317E65A2A2711AF00C0608D /* TodoWithCoreDataTests.xctest */,
				F317E6642A2711AF00C0608D /* TodoWithCoreDataUITests.xctest */,
			);
			name = Products;
			sourceTree = "<group>";
		};
		F317E6472A2711A500C0608D /* TodoWithCoreData */ = {
			isa = PBXGroup;
			children = (
				F317E6482A2711A500C0608D /* TodoWithCoreDataApp.swift */,
				F317E67D2A27203C00C0608D /* ToDoItem+CoreDataClass.swift */,
				F317E67E2A27203C00C0608D /* ToDoItem+CoreDataProperties.swift */,
				F317E6772A27148700C0608D /* ToDoList.swift */,
				F317E6812A27352E00C0608D /* Extension.swift */,
				F317E6512A2711AD00C0608D /* Persistence.swift */,
				F317E6532A2711AD00C0608D /* TodoWithCoreData.xcdatamodeld */,
				F317E64C2A2711AD00C0608D /* Assets.xcassets */,
				F317E64E2A2711AD00C0608D /* Preview Content */,
			);
			path = TodoWithCoreData;
			sourceTree = "<group>";
		};
		F317E64E2A2711AD00C0608D /* Preview Content */ = {
			isa = PBXGroup;
			children = (
				F317E64F2A2711AD00C0608D /* Preview Assets.xcassets */,
			);
			path = "Preview Content";
			sourceTree = "<group>";
		};
		F317E65D2A2711AF00C0608D /* TodoWithCoreDataTests */ = {
			isa = PBXGroup;
			children = (
				F317E65E2A2711AF00C0608D /* TodoWithCoreDataTests.swift */,
			);
			path = TodoWithCoreDataTests;
			sourceTree = "<group>";
		};
		F317E6672A2711B000C0608D /* TodoWithCoreDataUITests */ = {
			isa = PBXGroup;
			children = (
				F317E6682A2711B000C0608D /* TodoWithCoreDataUITests.swift */,
				F317E66A2A2711B000C0608D /* TodoWithCoreDataUITestsLaunchTests.swift */,
			);
			path = TodoWithCoreDataUITests;
			sourceTree = "<group>";
		};
/* End PBXGroup section */

/* Begin PBXNativeTarget section */
		F317E6442A2711A500C0608D /* TodoWithCoreData */ = {
			isa = PBXNativeTarget;
			buildConfigurationList = F317E66E2A2711B000C0608D /* Build configuration list for PBXNativeTarget "TodoWithCoreData" */;
			buildPhases = (
				F317E6412A2711A500C0608D /* Sources */,
				F317E6422A2711A500C0608D /* Frameworks */,
				F317E6432A2711A500C0608D /* Resources */,
			);
			buildRules = (
			);
			dependencies = (
			);
			name = TodoWithCoreData;
			productName = TodoWithCoreData;
			productReference = F317E6452A2711A500C0608D /* TodoWithCoreData.app */;
			productType = "com.apple.product-type.application";
		};
		F317E6592A2711AF00C0608D /* TodoWithCoreDataTests */ = {
			isa = PBXNativeTarget;
			buildConfigurationList = F317E6712A2711B000C0608D /* Build configuration list for PBXNativeTarget "TodoWithCoreDataTests" */;
			buildPhases = (
				F317E6562A2711AF00C0608D /* Sources */,
				F317E6572A2711AF00C0608D /* Frameworks */,
				F317E6582A2711AF00C0608D /* Resources */,
			);
			buildRules = (
			);
			dependencies = (
				F317E65C2A2711AF00C0608D /* PBXTargetDependency */,
			);
			name = TodoWithCoreDataTests;
			productName = TodoWithCoreDataTests;
			productReference = F317E65A2A2711AF00C0608D /* TodoWithCoreDataTests.xctest */;
			productType = "com.apple.product-type.bundle.unit-test";
		};
		F317E6632A2711AF00C0608D /* TodoWithCoreDataUITests */ = {
			isa = PBXNativeTarget;
			buildConfigurationList = F317E6742A2711B000C0608D /* Build configuration list for PBXNativeTarget "TodoWithCoreDataUITests" */;
			buildPhases = (
				F317E6602A2711AF00C0608D /* Sources */,
				F317E6612A2711AF00C0608D /* Frameworks */,
				F317E6622A2711AF00C0608D /* Resources */,
			);
			buildRules = (
			);
			dependencies = (
				F317E6662A2711AF00C0608D /* PBXTargetDependency */,
			);
			name = TodoWithCoreDataUITests;
			productName = TodoWithCoreDataUITests;
			productReference = F317E6642A2711AF00C0608D /* TodoWithCoreDataUITests.xctest */;
			productType = "com.apple.product-type.bundle.ui-testing";
		};
/* End PBXNativeTarget section */

/* Begin PBXProject section */
		F317E63D2A2711A500C0608D /* Project object */ = {
			isa = PBXProject;
			attributes = {
				BuildIndependentTargetsInParallel = 1;
				LastSwiftUpdateCheck = 1430;
				LastUpgradeCheck = 1430;
				TargetAttributes = {
					F317E6442A2711A500C0608D = {
						CreatedOnToolsVersion = 14.3;
					};
					F317E6592A2711AF00C0608D = {
						CreatedOnToolsVersion = 14.3;
						TestTargetID = F317E6442A2711A500C0608D;
					};
					F317E6632A2711AF00C0608D = {
						CreatedOnToolsVersion = 14.3;
						TestTargetID = F317E6442A2711A500C0608D;
					};
				};
			};
			buildConfigurationList = F317E6402A2711A500C0608D /* Build configuration list for PBXProject "TodoWithCoreData" */;
			compatibilityVersion = "Xcode 14.0";
			developmentRegion = en;
			hasScannedForEncodings = 0;
			knownRegions = (
				en,
				Base,
			);
			mainGroup = F317E63C2A2711A500C0608D;
			productRefGroup = F317E63C2A2711A500C0608D /* Products */;
			projectDirPath = "";
			projectRoot = "";
			targets = (
				F317E6442A2711A500C0608D /* TodoWithCoreData */,
				F317E6592A2711AF00C0608D /* TodoWithCoreDataTests */,
				F317E6632A2711AF00C0608D /* TodoWithCoreDataUITests */,
			);
		};
/* End PBXProject section */

/* Begin PBXResourcesBuildPhase section */
		F317E6432A2711A500C0608D /* Resources */ = {
			isa = PBXResourcesBuildPhase;
			buildActionMask = 2147483647;
			files = (
				F317E6502A2711AD00C0608D /* Preview Assets.xcassets in Resources */,
				F317E64D2A2711AD00C0608D /* Assets.xcassets in Resources */,
			);
			runOnlyForDeploymentPostprocessing = 0;
		};
		F317E6582A2711AF00C0608D /* Resources */ = {
			isa = PBXResourcesBuildPhase;
			buildActionMask = 2147483647;
			files = (
			);
			runOnlyForDeploymentPostprocessing = 0;
		};
		F317E6622A2711AF00C0608D /* Resources */ = {
			isa = PBXResourcesBuildPhase;
			buildActionMask = 2147483647;
			files = (
			);
			runOnlyForDeploymentPostprocessing = 0;
		};
/* End PBXResourcesBuildPhase section */

/* Begin PBXSourcesBuildPhase section */
		F317E6412A2711A500C0608D /* Sources */ = {
			isa = PBXSourcesBuildPhase;
			buildActionMask = 2147483647;
			files = (
				F317E6522A2711AD00C0608D /* Persistence.swift in Sources */,
				F317E6782A27148700C0608D /* ToDoList.swift in Sources */,
				F317E6802A27203C00C0608D /* ToDoItem+CoreDataProperties.swift in Sources */,
				F317E6552A2711AD00C0608D /* TodoWithCoreData.xcdatamodeld in Sources */,
				F317E67F2A27203C00C0608D /* ToDoItem+CoreDataClass.swift in Sources */,
				F317E6492A2711A500C0608D /* TodoWithCoreDataApp.swift in Sources */,
				F317E6822A27352E00C0608D /* Extension.swift in Sources */,
			);
			runOnlyForDeploymentPostprocessing = 0;
		};
		F317E6562A2711AF00C0608D /* Sources */ = {
			isa = PBXSourcesBuildPhase;
			buildActionMask = 2147483647;
			files = (
				F317E65F2A2711AF00C0608D /* TodoWithCoreDataTests.swift in Sources */,
			);
			runOnlyForDeploymentPostprocessing = 0;
		};
		F317E6602A2711AF00C0608D /* Sources */ = {
			isa = PBXSourcesBuildPhase;
			buildActionMask = 2147483647;
			files = (
				F317E6692A2711B000C0608D /* TodoWithCoreDataUITests.swift in Sources */,
				F317E66B2A2711B000C0608D /* TodoWithCoreDataUITestsLaunchTests.swift in Sources */,
			);
			runOnlyForDeploymentPostprocessing = 0;
		};
/* End PBXSourcesBuildPhase section */

/* Begin PBXTargetDependency section */
		F317E65C2A2711AF00C0608D /* PBXTargetDependency */ = {
			isa = PBXTargetDependency;
			target = F317E6442A2711A500C0608D /* TodoWithCoreData */;
			targetProxy = F317E65B2A2711AF00C0608D /* PBXContainerItemProxy */;
		};
		F317E6662A2711AF00C0608D /* PBXTargetDependency */ = {
			isa = PBXTargetDependency;
			target = F317E6442A2711A500C0608D /* TodoWithCoreData */;
			targetProxy = F317E6652A2711AF00C0608D /* PBXContainerItemProxy */;
		};
/* End PBXTargetDependency section */

/* Begin XCBuildConfiguration section */
		F317E66C2A2711B000C0608D /* Debug */ = {
			isa = XCBuildConfiguration;
			buildSettings = {
				ALWAYS_SEARCH_USER_PATHS = NO;
				CLANG_ANALYZER_NONNULL = YES;
				CLANG_ANALYZER_NUMBER_OBJECT_CONVERSION = YES_AGGRESSIVE;
				CLANG_CXX_LANGUAGE_STANDARD = "gnu++20";
				CLANG_ENABLE_MODULES = YES;
				CLANG_ENABLE_OBJC_ARC = YES;
				CLANG_ENABLE_OBJC_WEAK = YES;
				CLANG_WARN_BLOCK_CAPTURE_AUTORELEASING = YES;
				CLANG_WARN_BOOL_CONVERSION = YES;
				CLANG_WARN_COMMA = YES;
				CLANG_WARN_CONSTANT_CONVERSION = YES;
				CLANG_WARN_DEPRECATED_OBJC_IMPLEMENTATIONS = YES;
				CLANG_WARN_DIRECT_OBJC_ISA_USAGE = YES_ERROR;
				CLANG_WARN_DOCUMENTATION_COMMENTS = YES;
				CLANG_WARN_EMPTY_BODY = YES;
				CLANG_WARN_ENUM_CONVERSION = YES;
				CLANG_WARN_INFINITE_RECURSION = YES;
				CLANG_WARN_INT_CONVERSION = YES;
				CLANG_WARN_NON_LITERAL_NULL_CONVERSION = YES;
				CLANG_WARN_OBJC_IMPLICIT_RETAIN_SELF = YES;
				CLANG_WARN_OBJC_LITERAL_CONVERSION = YES;
				CLANG_WARN_OBJC_ROOT_CLASS = YES_ERROR;
				CLANG_WARN_QUOTED_INCLUDE_IN_FRAMEWORK_HEADER = YES;
				CLANG_WARN_RANGE_LOOP_ANALYSIS = YES;
				CLANG_WARN_STRICT_PROTOTYPES = YES;
				CLANG_WARN_SUSPICIOUS_MOVE = YES;
				CLANG_WARN_UNGUARDED_AVAILABILITY = YES_AGGRESSIVE;
				CLANG_WARN_UNREACHABLE_CODE = YES;
				CLANG_WARN__DUPLICATE_METHOD_MATCH = YES;
				COPY_PHASE_STRIP = NO;
				DEBUG_INFORMATION_FORMAT = dwarf;
				ENABLE_STRICT_OBJC_MSGSEND = YES;
				ENABLE_TESTABILITY = YES;
				GCC_C_LANGUAGE_STANDARD = gnu11;
				GCC_DYNAMIC_NO_PIC = NO;
				GCC_NO_COMMON_BLOCKS = YES;
				GCC_OPTIMIZATION_LEVEL = 0;
				GCC_PREPROCESSOR_DEFINITIONS = (
					"DEBUG=1",
					"$(inherited)",
				);
				GCC_WARN_64_TO_32_BIT_CONVERSION = YES;
				GCC_WARN_ABOUT_RETURN_TYPE = YES_ERROR;
				GCC_WARN_UNDECLARED_SELECTOR = YES;
				GCC_WARN_UNINITIALIZED_AUTOS = YES_AGGRESSIVE;
				GCC_WARN_UNUSED_FUNCTION = YES;
				GCC_WARN_UNUSED_VARIABLE = YES;
				IPHONEOS_DEPLOYMENT_TARGET = 16.4;
				MTL_ENABLE_DEBUG_INFO = INCLUDE_SOURCE;
				MTL_FAST_MATH = YES;
				ONLY_ACTIVE_ARCH = YES;
				SDKROOT = iphoneos;
				SWIFT_ACTIVE_COMPILATION_CONDITIONS = DEBUG;
				SWIFT_OPTIMIZATION_LEVEL = "-Onone";
			};
			name = Debug;
		};
		F317E66D2A2711B000C0608D /* Release */ = {
			isa = XCBuildConfiguration;
			buildSettings = {
				ALWAYS_SEARCH_USER_PATHS = NO;
				CLANG_ANALYZER_NONNULL = YES;
				CLANG_ANALYZER_NUMBER_OBJECT_CONVERSION = YES_AGGRESSIVE;
				CLANG_CXX_LANGUAGE_STANDARD = "gnu++20";
				CLANG_ENABLE_MODULES = YES;
				CLANG_ENABLE_OBJC_ARC = YES;
				CLANG_ENABLE_OBJC_WEAK = YES;
				CLANG_WARN_BLOCK_CAPTURE_AUTORELEASING = YES;
				CLANG_WARN_BOOL_CONVERSION = YES;
				CLANG_WARN_COMMA = YES;
				CLANG_WARN_CONSTANT_CONVERSION = YES;
				CLANG_WARN_DEPRECATED_OBJC_IMPLEMENTATIONS = YES;
				CLANG_WARN_DIRECT_OBJC_ISA_USAGE = YES_ERROR;
				CLANG_WARN_DOCUMENTATION_COMMENTS = YES;
				CLANG_WARN_EMPTY_BODY = YES;
				CLANG_WARN_ENUM_CONVERSION = YES;
				CLANG_WARN_INFINITE_RECURSION = YES;
				CLANG_WARN_INT_CONVERSION = YES;
				CLANG_WARN_NON_LITERAL_NULL_CONVERSION = YES;
				CLANG_WARN_OBJC_IMPLICIT_RETAIN_SELF = YES;
				CLANG_WARN_OBJC_LITERAL_CONVERSION = YES;
				CLANG_WARN_OBJC_ROOT_CLASS = YES_ERROR;
				CLANG_WARN_QUOTED_INCLUDE_IN_FRAMEWORK_HEADER = YES;
				CLANG_WARN_RANGE_LOOP_ANALYSIS = YES;
				CLANG_WARN_STRICT_PROTOTYPES = YES;
				CLANG_WARN_SUSPICIOUS_MOVE = YES;
				CLANG_WARN_UNGUARDED_AVAILABILITY = YES_AGGRESSIVE;
				CLANG_WARN_UNREACHABLE_CODE = YES;
				CLANG_WARN__DUPLICATE_METHOD_MATCH = YES;
				COPY_PHASE_STRIP = NO;
				DEBUG_INFORMATION_FORMAT = "dwarf-with-dsym";
				ENABLE_NS_ASSERTIONS = NO;
				ENABLE_STRICT_OBJC_MSGSEND = YES;
				GCC_C_LANGUAGE_STANDARD = gnu11;
				GCC_NO_COMMON_BLOCKS = YES;
				GCC_WARN_64_TO_32_BIT_CONVERSION = YES;
				GCC_WARN_ABOUT_RETURN_TYPE = YES_ERROR;
				GCC_WARN_UNDECLARED_SELECTOR = YES;
				GCC_WARN_UNINITIALIZED_AUTOS = YES_AGGRESSIVE;
				GCC_WARN_UNUSED_FUNCTION = YES;
				GCC_WARN_UNUSED_VARIABLE = YES;
				IPHONEOS_DEPLOYMENT_TARGET = 16.4;
				MTL_ENABLE_DEBUG_INFO = NO;
				MTL_FAST_MATH = YES;
				SDKROOT = iphoneos;
				SWIFT_COMPILATION_MODE = wholemodule;
				SWIFT_OPTIMIZATION_LEVEL = "-O";
				VALIDATE_PRODUCT = YES;
			};
			name = Release;
		};
		F317E66F2A2711B000C0608D /* Debug */ = {
			isa = XCBuildConfiguration;
			buildSettings = {
				ASSETCATALOG_COMPILER_APPICON_NAME = AppIcon;
				ASSETCATALOG_COMPILER_GLOBAL_ACCENT_COLOR_NAME = AccentColor;
				CODE_SIGN_STYLE = Automatic;
				CURRENT_PROJECT_VERSION = 1;
				DEVELOPMENT_ASSET_PATHS = "\"TodoWithCoreData/Preview Content\"";
				DEVELOPMENT_TEAM = C7G78L37X3;
				ENABLE_PREVIEWS = YES;
				GENERATE_INFOPLIST_FILE = YES;
				INFOPLIST_KEY_UIApplicationSceneManifest_Generation = YES;
				INFOPLIST_KEY_UIApplicationSupportsIndirectInputEvents = YES;
				INFOPLIST_KEY_UILaunchScreen_Generation = YES;
				INFOPLIST_KEY_UISupportedInterfaceOrientations_iPad = "UIInterfaceOrientationPortrait UIInterfaceOrientationPortraitUpsideDown UIInterfaceOrientationLandscapeLeft UIInterfaceOrientationLandscapeRight";
				INFOPLIST_KEY_UISupportedInterfaceOrientations_iPhone = "UIInterfaceOrientationPortrait UIInterfaceOrientationLandscapeLeft UIInterfaceOrientationLandscapeRight";
				IPHONEOS_DEPLOYMENT_TARGET = 16.0;
				LD_RUNPATH_SEARCH_PATHS = (
					"$(inherited)",
					"@executable_path/Frameworks",
				);
				MARKETING_VERSION = 1.0;
				PRODUCT_BUNDLE_IDENTIFIER = com.xxx.test.TodoWithCoreData;
				PRODUCT_NAME = "$(TARGET_NAME)";
				SWIFT_EMIT_LOC_STRINGS = YES;
				SWIFT_VERSION = 5.0;
				TARGETED_DEVICE_FAMILY = "1,2";
			};
			name = Debug;
		};
		F317E6702A2711B000C0608D /* Release */ = {
			isa = XCBuildConfiguration;
			buildSettings = {
				ASSETCATALOG_COMPILER_APPICON_NAME = AppIcon;
				ASSETCATALOG_COMPILER_GLOBAL_ACCENT_COLOR_NAME = AccentColor;
				CODE_SIGN_STYLE = Automatic;
				CURRENT_PROJECT_VERSION = 1;
				DEVELOPMENT_ASSET_PATHS = "\"TodoWithCoreData/Preview Content\"";
				DEVELOPMENT_TEAM = C7G78L37X3;
				ENABLE_PREVIEWS = YES;
				GENERATE_INFOPLIST_FILE = YES;
				INFOPLIST_KEY_UIApplicationSceneManifest_Generation = YES;
				INFOPLIST_KEY_UIApplicationSupportsIndirectInputEvents = YES;
				INFOPLIST_KEY_UILaunchScreen_Generation = YES;
				INFOPLIST_KEY_UISupportedInterfaceOrientations_iPad = "UIInterfaceOrientationPortrait UIInterfaceOrientationPortraitUpsideDown UIInterfaceOrientationLandscapeLeft UIInterfaceOrientationLandscapeRight";
				INFOPLIST_KEY_UISupportedInterfaceOrientations_iPhone = "UIInterfaceOrientationPortrait UIInterfaceOrientationLandscapeLeft UIInterfaceOrientationLandscapeRight";
				IPHONEOS_DEPLOYMENT_TARGET = 16.0;
				LD_RUNPATH_SEARCH_PATHS = (
					"$(inherited)",
					"@executable_path/Frameworks",
				);
				MARKETING_VERSION = 1.0;
				PRODUCT_BUNDLE_IDENTIFIER = com.xxx.test.TodoWithCoreData;
				PRODUCT_NAME = "$(TARGET_NAME)";
				SWIFT_EMIT_LOC_STRINGS = YES;
				SWIFT_VERSION = 5.0;
				TARGETED_DEVICE_FAMILY = "1,2";
			};
			name = Release;
		};
		F317E6722A2711B000C0608D /* Debug */ = {
			isa = XCBuildConfiguration;
			buildSettings = {
				ALWAYS_EMBED_SWIFT_STANDARD_LIBRARIES = YES;
				BUNDLE_LOADER = "$(TEST_HOST)";
				CODE_SIGN_STYLE = Automatic;
				CURRENT_PROJECT_VERSION = 1;
				DEVELOPMENT_TEAM = C7G78L37X3;
				GENERATE_INFOPLIST_FILE = YES;
				IPHONEOS_DEPLOYMENT_TARGET = 16.4;
				MARKETING_VERSION = 1.0;
				PRODUCT_BUNDLE_IDENTIFIER = com.xxx.test.TodoWithCoreDataTests;
				PRODUCT_NAME = "$(TARGET_NAME)";
				SWIFT_EMIT_LOC_STRINGS = NO;
				SWIFT_VERSION = 5.0;
				TARGETED_DEVICE_FAMILY = "1,2";
				TEST_HOST = "$(BUILT_PRODUCTS_DIR)/TodoWithCoreData.app/$(BUNDLE_EXECUTABLE_FOLDER_PATH)/TodoWithCoreData";
			};
			name = Debug;
		};
		F317E6732A2711B000C0608D /* Release */ = {
			isa = XCBuildConfiguration;
			buildSettings = {
				ALWAYS_EMBED_SWIFT_STANDARD_LIBRARIES = YES;
				BUNDLE_LOADER = "$(TEST_HOST)";
				CODE_SIGN_STYLE = Automatic;
				CURRENT_PROJECT_VERSION = 1;
				DEVELOPMENT_TEAM = C7G78L37X3;
				GENERATE_INFOPLIST_FILE = YES;
				IPHONEOS_DEPLOYMENT_TARGET = 16.4;
				MARKETING_VERSION = 1.0;
				PRODUCT_BUNDLE_IDENTIFIER = com.xxx.test.TodoWithCoreDataTests;
				PRODUCT_NAME = "$(TARGET_NAME)";
				SWIFT_EMIT_LOC_STRINGS = NO;
				SWIFT_VERSION = 5.0;
				TARGETED_DEVICE_FAMILY = "1,2";
				TEST_HOST = "$(BUILT_PRODUCTS_DIR)/TodoWithCoreData.app/$(BUNDLE_EXECUTABLE_FOLDER_PATH)/TodoWithCoreData";
			};
			name = Release;
		};
		F317E6752A2711B000C0608D /* Debug */ = {
			isa = XCBuildConfiguration;
			buildSettings = {
				ALWAYS_EMBED_SWIFT_STANDARD_LIBRARIES = YES;
				CODE_SIGN_STYLE = Automatic;
				CURRENT_PROJECT_VERSION = 1;
				DEVELOPMENT_TEAM = C7G78L37X3;
				GENERATE_INFOPLIST_FILE = YES;
				MARKETING_VERSION = 1.0;
				PRODUCT_BUNDLE_IDENTIFIER = com.xxx.test.TodoWithCoreDataUITests;
				PRODUCT_NAME = "$(TARGET_NAME)";
				SWIFT_EMIT_LOC_STRINGS = NO;
				SWIFT_VERSION = 5.0;
				TARGETED_DEVICE_FAMILY = "1,2";
				TEST_TARGET_NAME = TodoWithCoreData;
			};
			name = Debug;
		};
		F317E6762A2711B000C0608D /* Release */ = {
			isa = XCBuildConfiguration;
			buildSettings = {
				ALWAYS_EMBED_SWIFT_STANDARD_LIBRARIES = YES;
				CODE_SIGN_STYLE = Automatic;
				CURRENT_PROJECT_VERSION = 1;
				DEVELOPMENT_TEAM = C7G78L37X3;
				GENERATE_INFOPLIST_FILE = YES;
				MARKETING_VERSION = 1.0;
				PRODUCT_BUNDLE_IDENTIFIER = com.xxx.test.TodoWithCoreDataUITests;
				PRODUCT_NAME = "$(TARGET_NAME)";
				SWIFT_EMIT_LOC_STRINGS = NO;
				SWIFT_VERSION = 5.0;
				TARGETED_DEVICE_FAMILY = "1,2";
				TEST_TARGET_NAME = TodoWithCoreData;
			};
			name = Release;
		};
/* End XCBuildConfiguration section */

/* Begin XCConfigurationList section */
		F317E6402A2711A500C0608D /* Build configuration list for PBXProject "TodoWithCoreData" */ = {
			isa = XCConfigurationList;
			buildConfigurations = (
				F317E66C2A2711B000C0608D /* Debug */,
				F317E66D2A2711B000C0608D /* Release */,
			);
			defaultConfigurationIsVisible = 0;
			defaultConfigurationName = Release;
		};
		F317E66E2A2711B000C0608D /* Build configuration list for PBXNativeTarget "TodoWithCoreData" */ = {
			isa = XCConfigurationList;
			buildConfigurations = (
				F317E66F2A2711B000C0608D /* Debug */,
				F317E6702A2711B000C0608D /* Release */,
			);
			defaultConfigurationIsVisible = 0;
			defaultConfigurationName = Release;
		};
		F317E6712A2711B000C0608D /* Build configuration list for PBXNativeTarget "TodoWithCoreDataTests" */ = {
			isa = XCConfigurationList;
			buildConfigurations = (
				F317E6722A2711B000C0608D /* Debug */,
				F317E6732A2711B000C0608D /* Release */,
			);
			defaultConfigurationIsVisible = 0;
			defaultConfigurationName = Release;
		};
		F317E6742A2711B000C0608D /* Build configuration list for PBXNativeTarget "TodoWithCoreDataUITests" */ = {
			isa = XCConfigurationList;
			buildConfigurations = (
				F317E6752A2711B000C0608D /* Debug */,
				F317E6762A2711B000C0608D /* Release */,
			);
			defaultConfigurationIsVisible = 0;
			defaultConfigurationName = Release;
		};
/* End XCConfigurationList section */

/* Begin XCVersionGroup section */
		F317E6532A2711AD00C0608D /* TodoWithCoreData.xcdatamodeld */ = {
			isa = XCVersionGroup;
			children = (
				F317E6542A2711AD00C0608D /* TodoWithCoreData.xcdatamodel */,
			);
			currentVersion = F317E6542A2711AD00C0608D /* TodoWithCoreData.xcdatamodel */;
			path = TodoWithCoreData.xcdatamodeld;
			sourceTree = "<group>";
			versionGroupType = wrapper.xcdatamodel;
		};
/* End XCVersionGroup section */
	};
	rootObject = F317E63D2A2711A500C0608D /* Project object */;
}
